# THIS IS AN AUTOGENERATED FILE. DO NOT EDIT THIS FILE DIRECTLY.
# yarn lockfile v1


"@babel/runtime@^7.12.1", "@babel/runtime@^7.9.2":
  version "7.20.6"
  resolved "https://registry.yarnpkg.com/@babel/runtime/-/runtime-7.20.6.tgz#facf4879bfed9b5326326273a64220f099b0fce3"
  integrity sha512-Q+8MqP7TiHMWzSfwiJwXCjyf4GYA4Dgw3emg/7xmwsdLJOZUp+nMqcOwOzzYheuM1rhDu8FSj2l0aoMygEuXuA==
  dependencies:
    regenerator-runtime "^0.13.11"

"@next/env@13.0.7":
  version "13.0.7"
  resolved "https://registry.yarnpkg.com/@next/env/-/env-13.0.7.tgz#7b6ccd9006d3fb57c369e3fb62b28e15324141e9"
  integrity sha512-ZBclBRB7DbkSswXgbJ+muF5RxfgmAuQKAWL8tcm86aZmoiL1ZainxQK0hMcMYdh+IYG8UObAKV2wKB5O+6P4ng==

"@next/swc-android-arm-eabi@13.0.7":
  version "13.0.7"
  resolved "https://registry.yarnpkg.com/@next/swc-android-arm-eabi/-/swc-android-arm-eabi-13.0.7.tgz#ddbf3d092d22f17238aa34072f5dcb8129d8b23e"
  integrity sha512-QTEamOK/LCwBf05GZ261rULMbZEpE3TYdjHlXfznV+nXwTztzkBNFXwP67gv2wW44BROzgi/vrR9H8oP+J5jxg==

"@next/swc-android-arm64@13.0.7":
  version "13.0.7"
  resolved "https://registry.yarnpkg.com/@next/swc-android-arm64/-/swc-android-arm64-13.0.7.tgz#96f150232eb66da377226f21a371d30389371ed5"
  integrity sha512-wcy2H0Tl9ME8vKy2GnJZ7Mybwys+43F/Eh2Pvph7mSDpMbYBJ6iA0zeY62iYYXxlZhnAID3+h79FUqUEakkClw==

"@next/swc-darwin-arm64@13.0.7":
  version "13.0.7"
  resolved "https://registry.yarnpkg.com/@next/swc-darwin-arm64/-/swc-darwin-arm64-13.0.7.tgz#34e80a22573b5321ade8417dfb814cf6e1fd9997"
  integrity sha512-F/mU7csN1/J2cqXJPMgTQ6MwAbc1pJ6sp6W+X0z5JEY4IFDzxKd3wRc3pCiNF7j8xW381JlNpWxhjCctnNmfaw==

"@next/swc-darwin-x64@13.0.7":
  version "13.0.7"
  resolved "https://registry.yarnpkg.com/@next/swc-darwin-x64/-/swc-darwin-x64-13.0.7.tgz#ecec57211bf54a15872bb44e5ea70c99c2efe785"
  integrity sha512-636AuRQynCPnIPRVzcCk5B7OMq9XjaYam2T0HeWUCE6y7EqEO3kxiuZ4QmN81T7A6Ydb+JnivYrLelHXmgdj6A==

"@next/swc-freebsd-x64@13.0.7":
  version "13.0.7"
  resolved "https://registry.yarnpkg.com/@next/swc-freebsd-x64/-/swc-freebsd-x64-13.0.7.tgz#b4a8a49c3c3d200c9d6c43193b82ee39c6eb1d59"
  integrity sha512-92XAMzNgQazowZ9t7uZmHRA5VdBl/SwEdrf5UybdfRovsxB4r3+yJWEvFaqYpSEp0gwndbwLokJdpz7OwFdL3Q==

"@next/swc-linux-arm-gnueabihf@13.0.7":
  version "13.0.7"
  resolved "https://registry.yarnpkg.com/@next/swc-linux-arm-gnueabihf/-/swc-linux-arm-gnueabihf-13.0.7.tgz#6f550d348c6ece2b25426a53c5be49a3a8fc54a3"
  integrity sha512-3r1CWl5P6I5n5Yxip8EXv/Rfu2Cp6wVmIOpvmczyUR82j+bcMkwPAcUjNkG/vMCagS4xV7NElrcdGb39iFmfLg==

"@next/swc-linux-arm64-gnu@13.0.7":
  version "13.0.7"
  resolved "https://registry.yarnpkg.com/@next/swc-linux-arm64-gnu/-/swc-linux-arm64-gnu-13.0.7.tgz#20bd7f25a3af0edb4d3506c005f54212eb9a855b"
  integrity sha512-RXo8tt6ppiwyS6hpDw3JdAjKcdVewsefxnxk9xOH4mRhMyq9V2lQx0e24X/dRiZqkx3jnWReR2WRrUlgN1UkSQ==

"@next/swc-linux-arm64-musl@13.0.7":
  version "13.0.7"
  resolved "https://registry.yarnpkg.com/@next/swc-linux-arm64-musl/-/swc-linux-arm64-musl-13.0.7.tgz#f421bedcf2e1ad1ad7c90af1102df83634e92b6a"
  integrity sha512-RWpnW+bmfXyxyY7iARbueYDGuIF+BEp3etLeYh/RUNHb9PhOHLDgJOG8haGSykud3a6CcyBI8hEjqOhoObaDpw==

"@next/swc-linux-x64-gnu@13.0.7":
  version "13.0.7"
  resolved "https://registry.yarnpkg.com/@next/swc-linux-x64-gnu/-/swc-linux-x64-gnu-13.0.7.tgz#76cb25d3c00041dabc02e0b3ddd10f9325eb3f60"
  integrity sha512-/ygUIiMMTYnbKlFs5Ba9J5k/tNxFWy8eI1bBF8UuMTvV8QJHl/aLDiA5dwsei2kk99/cu3eay62JnJXkSk3RSQ==

"@next/swc-linux-x64-musl@13.0.7":
  version "13.0.7"
  resolved "https://registry.yarnpkg.com/@next/swc-linux-x64-musl/-/swc-linux-x64-musl-13.0.7.tgz#4e49b54b3578f7c4753dd7ac9c5e683914427884"
  integrity sha512-dLzr6AL77USJN0ejgx5AS8O8SbFlbYTzs0XwAWag4oQpUG2p3ARvxwQgYQ0Z+6EP0zIRZ/XfLkN/mhsyi3m4PA==

"@next/swc-win32-arm64-msvc@13.0.7":
  version "13.0.7"
  resolved "https://registry.yarnpkg.com/@next/swc-win32-arm64-msvc/-/swc-win32-arm64-msvc-13.0.7.tgz#98f622f9d0e34746e1ec7f25ce436a809a42313d"
  integrity sha512-+vFIVa82AwqFkpFClKT+n73fGxrhAZ2u1u3mDYEBdxO6c9U4Pj3S5tZFsGFK9kLT/bFvf/eeVOICSLCC7MSgJQ==

"@next/swc-win32-ia32-msvc@13.0.7":
  version "13.0.7"
  resolved "https://registry.yarnpkg.com/@next/swc-win32-ia32-msvc/-/swc-win32-ia32-msvc-13.0.7.tgz#f27f99aeec4207be7688a417f5934ea4868dadfc"
  integrity sha512-RNLXIhp+assD39dQY9oHhDxw+/qSJRARKhOFsHfOtf8yEfCHqcKkn3X/L+ih60ntaEqK294y1WkMk6ylotsxwA==

"@next/swc-win32-x64-msvc@13.0.7":
  version "13.0.7"
  resolved "https://registry.yarnpkg.com/@next/swc-win32-x64-msvc/-/swc-win32-x64-msvc-13.0.7.tgz#7aaa6cee723cde844e891e895e5561a60d9fa7f3"
  integrity sha512-kvdnlLcrnEq72ZP0lqe2Z5NqvB9N5uSCvtXJ0PhKvNncWWd0fEG9Ec9erXgwCmVlM2ytw41k9/uuQ+SVw4Pihw==

"@reduxjs/toolkit@^1.9.1":
  version "1.9.1"
  resolved "https://registry.yarnpkg.com/@reduxjs/toolkit/-/toolkit-1.9.1.tgz#4c34dc4ddcec161535288c60da5c19c3ef15180e"
  integrity sha512-HikrdY+IDgRfRYlCTGUQaiCxxDDgM1mQrRbZ6S1HFZX5ZYuJ4o8EstNmhTwHdPl2rTmLxzwSu0b3AyeyTlR+RA==
  dependencies:
    immer "^9.0.16"
    redux "^4.2.0"
    redux-thunk "^2.4.2"
    reselect "^4.1.7"

"@remix-run/router@1.1.0":
  version "1.1.0"
  resolved "https://registry.yarnpkg.com/@remix-run/router/-/router-1.1.0.tgz#b48db8148c8a888e50580a8152b6f68161c49406"
  integrity sha512-rGl+jH/7x1KBCQScz9p54p0dtPLNeKGb3e0wD2H5/oZj41bwQUnXdzbj2TbUAFhvD7cp9EyEQA4dEgpUFa1O7Q==

"@swc/helpers@0.4.14":
  version "0.4.14"
  resolved "https://registry.yarnpkg.com/@swc/helpers/-/helpers-0.4.14.tgz#1352ac6d95e3617ccb7c1498ff019654f1e12a74"
  integrity sha512-4C7nX/dvpzB7za4Ql9K81xK3HPxCpHMgwTZVyf+9JQ6VUbn9jjZVN7/Nkdz/Ugzs2CSjqnL/UPXroiVBVHUWUw==
  dependencies:
    tslib "^2.4.0"

"@types/hoist-non-react-statics@^3.3.1":
  version "3.3.1"
  resolved "https://registry.yarnpkg.com/@types/hoist-non-react-statics/-/hoist-non-react-statics-3.3.1.tgz#1124aafe5118cb591977aeb1ceaaed1070eb039f"
  integrity sha512-iMIqiko6ooLrTh1joXodJK5X9xeEALT1kM5G3ZLhD3hszxBdIEd5C75U834D9mLcINgD4OyZf5uQXjkuYydWvA==
  dependencies:
    "@types/react" "*"
    hoist-non-react-statics "^3.3.0"

"@types/prop-types@*":
  version "15.7.5"
  resolved "https://registry.yarnpkg.com/@types/prop-types/-/prop-types-15.7.5.tgz#5f19d2b85a98e9558036f6a3cacc8819420f05cf"
  integrity sha512-JCB8C6SnDoQf0cNycqd/35A7MjcnK+ZTqE7judS6o7utxUCg6imJg3QK2qzHKszlTjcj2cn+NwMB2i96ubpj7w==

"@types/react@*":
  version "18.0.26"
  resolved "https://registry.yarnpkg.com/@types/react/-/react-18.0.26.tgz#8ad59fc01fef8eaf5c74f4ea392621749f0b7917"
  integrity sha512-hCR3PJQsAIXyxhTNSiDFY//LhnMZWpNNr5etoCqx/iUfGc5gXWtQR2Phl908jVR6uPXacojQWTg4qRpkxTuGug==
  dependencies:
    "@types/prop-types" "*"
    "@types/scheduler" "*"
    csstype "^3.0.2"

"@types/scheduler@*":
  version "0.16.2"
  resolved "https://registry.yarnpkg.com/@types/scheduler/-/scheduler-0.16.2.tgz#1a62f89525723dde24ba1b01b092bf5df8ad4d39"
  integrity sha512-hppQEBDmlwhFAXKJX2KnWLYu5yMfi91yazPb2l+lbJiwW+wdo1gNeRA+3RgNSO39WYX2euey41KEwnqesU2Jew==

"@types/use-sync-external-store@^0.0.3":
  version "0.0.3"
  resolved "https://registry.yarnpkg.com/@types/use-sync-external-store/-/use-sync-external-store-0.0.3.tgz#b6725d5f4af24ace33b36fafd295136e75509f43"
  integrity sha512-EwmlvuaxPNej9+T4v5AuBPJa2x2UOJVdjCtDHgcDqitUeOtjnJKJ+apYjVcAoBEMjKW1VVFGZLUb5+qqa09XFA==

caniuse-lite@^1.0.30001406:
  version "1.0.30001439"
  resolved "https://registry.yarnpkg.com/caniuse-lite/-/caniuse-lite-1.0.30001439.tgz#ab7371faeb4adff4b74dad1718a6fd122e45d9cb"
  integrity sha512-1MgUzEkoMO6gKfXflStpYgZDlFM7M/ck/bgfVCACO5vnAf0fXoNVHdWtqGU+MYca+4bL9Z5bpOVmR33cWW9G2A==

client-only@0.0.1:
  version "0.0.1"
  resolved "https://registry.yarnpkg.com/client-only/-/client-only-0.0.1.tgz#38bba5d403c41ab150bff64a95c85013cf73bca1"
  integrity sha512-IV3Ou0jSMzZrd3pZ48nLkT9DA7Ag1pnPzaiQhpW7c3RbcqqzvzzVu+L8gfqMp/8IM2MQtSiqaCxrrcfu8I8rMA==

csstype@^3.0.2:
  version "3.1.1"
  resolved "https://registry.yarnpkg.com/csstype/-/csstype-3.1.1.tgz#841b532c45c758ee546a11d5bd7b7b473c8c30b9"
  integrity sha512-DJR/VvkAvSZW9bTouZue2sSxDwdTN92uHjqeKVm+0dAqdfNykRzQ95tay8aXMBAAPpUiq4Qcug2L7neoRh2Egw==

hoist-non-react-statics@^3.3.0, hoist-non-react-statics@^3.3.2:
  version "3.3.2"
  resolved "https://registry.yarnpkg.com/hoist-non-react-statics/-/hoist-non-react-statics-3.3.2.tgz#ece0acaf71d62c2969c2ec59feff42a4b1a85b45"
  integrity sha512-/gGivxi8JPKWNm/W0jSmzcMPpfpPLc3dY/6GxhX2hQ9iGj3aDfklV4ET7NjKpSinLpJ5vafa9iiGIEZg10SfBw==
  dependencies:
    react-is "^16.7.0"

immer@^9.0.16:
  version "9.0.16"
  resolved "https://registry.yarnpkg.com/immer/-/immer-9.0.16.tgz#8e7caab80118c2b54b37ad43e05758cdefad0198"
  integrity sha512-qenGE7CstVm1NrHQbMh8YaSzTZTFNP3zPqr3YU0S0UY441j4bJTg4A2Hh5KAhwgaiU6ZZ1Ar6y/2f4TblnMReQ==

"js-tokens@^3.0.0 || ^4.0.0":
  version "4.0.0"
  resolved "https://registry.yarnpkg.com/js-tokens/-/js-tokens-4.0.0.tgz#19203fb59991df98e3a287050d4647cdeaf32499"
  integrity sha512-RdJUflcE3cUzKiMqQgsCu06FPu9UdIJO0beYbPhHN4k6apgJtifcoCtT9bcxOpYBtpD2kCM6Sbzg4CausW/PKQ==

loose-envify@^1.1.0:
  version "1.4.0"
  resolved "https://registry.yarnpkg.com/loose-envify/-/loose-envify-1.4.0.tgz#71ee51fa7be4caec1a63839f7e682d8132d30caf"
  integrity sha512-lyuxPGr/Wfhrlem2CL/UcnUc1zcqKAImBDzukY7Y5F/yQiNdko6+fRLevlw1HgMySw7f611UIY408EtxRSoK3Q==
  dependencies:
    js-tokens "^3.0.0 || ^4.0.0"

nanoid@^3.3.4:
  version "3.3.4"
  resolved "https://registry.yarnpkg.com/nanoid/-/nanoid-3.3.4.tgz#730b67e3cd09e2deacf03c027c81c9d9dbc5e8ab"
  integrity sha512-MqBkQh/OHTS2egovRtLk45wEyNXwF+cokD+1YPf9u5VfJiRdAiRwB2froX5Co9Rh20xs4siNPm8naNotSD6RBw==

next@^13.0.7:
  version "13.0.7"
  resolved "https://registry.yarnpkg.com/next/-/next-13.0.7.tgz#f07a0cc3afefdb86fb6668048e910a2193e3c1e2"
  integrity sha512-YfTifqX9vfHm+rSU/H/3xvzOHDkYuMuh4wsvTjiqj9h7qHEF7KHB66X4qrH96Po+ohdid4JY8YVGPziDwdXL0A==
  dependencies:
    "@next/env" "13.0.7"
    "@swc/helpers" "0.4.14"
    caniuse-lite "^1.0.30001406"
    postcss "8.4.14"
    styled-jsx "5.1.0"
  optionalDependencies:
    "@next/swc-android-arm-eabi" "13.0.7"
    "@next/swc-android-arm64" "13.0.7"
    "@next/swc-darwin-arm64" "13.0.7"
    "@next/swc-darwin-x64" "13.0.7"
    "@next/swc-freebsd-x64" "13.0.7"
    "@next/swc-linux-arm-gnueabihf" "13.0.7"
    "@next/swc-linux-arm64-gnu" "13.0.7"
    "@next/swc-linux-arm64-musl" "13.0.7"
    "@next/swc-linux-x64-gnu" "13.0.7"
    "@next/swc-linux-x64-musl" "13.0.7"
    "@next/swc-win32-arm64-msvc" "13.0.7"
    "@next/swc-win32-ia32-msvc" "13.0.7"
    "@next/swc-win32-x64-msvc" "13.0.7"

picocolors@^1.0.0:
  version "1.0.0"
  resolved "https://registry.yarnpkg.com/picocolors/-/picocolors-1.0.0.tgz#cb5bdc74ff3f51892236eaf79d68bc44564ab81c"
  integrity sha512-1fygroTLlHu66zi26VoTDv8yRgm0Fccecssto+MhsZ0D/DGW2sm8E8AjW7NU5VVTRt5GxbeZ5qBuJr+HyLYkjQ==

postcss@8.4.14:
  version "8.4.14"
  resolved "https://registry.yarnpkg.com/postcss/-/postcss-8.4.14.tgz#ee9274d5622b4858c1007a74d76e42e56fd21caf"
  integrity sha512-E398TUmfAYFPBSdzgeieK2Y1+1cpdxJx8yXbK/m57nRhKSmk1GB2tO4lbLBtlkfPQTDKfe4Xqv1ASWPpayPEig==
  dependencies:
    nanoid "^3.3.4"
    picocolors "^1.0.0"
    source-map-js "^1.0.2"

react-dom@^18.2.0:
  version "18.2.0"
  resolved "https://registry.yarnpkg.com/react-dom/-/react-dom-18.2.0.tgz#22aaf38708db2674ed9ada224ca4aa708d821e3d"
  integrity sha512-6IMTriUmvsjHUjNtEDudZfuDQUoWXVxKHhlEGSk81n4YFS+r/Kl99wXiwlVXtPBtJenozv2P+hxDsw9eA7Xo6g==
  dependencies:
    loose-envify "^1.1.0"
    scheduler "^0.23.0"

react-is@^16.7.0:
  version "16.13.1"
  resolved "https://registry.yarnpkg.com/react-is/-/react-is-16.13.1.tgz#789729a4dc36de2999dc156dd6c1d9c18cea56a4"
  integrity sha512-24e6ynE2H+OKt4kqsOvNd8kBpV65zoxbA4BVsEOB3ARVWQki/DHzaUoC5KuON/BiccDaCCTZBuOcfZs70kR8bQ==

react-is@^18.0.0:
  version "18.2.0"
  resolved "https://registry.yarnpkg.com/react-is/-/react-is-18.2.0.tgz#199431eeaaa2e09f86427efbb4f1473edb47609b"
  integrity sha512-xWGDIW6x921xtzPkhiULtthJHoJvBbF3q26fzloPCK0hsvxtPVelvftw3zjbHWSkR2km9Z+4uxbDDK/6Zw9B8w==

react-redux@^8.0.5:
  version "8.0.5"
  resolved "https://registry.yarnpkg.com/react-redux/-/react-redux-8.0.5.tgz#e5fb8331993a019b8aaf2e167a93d10af469c7bd"
  integrity sha512-Q2f6fCKxPFpkXt1qNRZdEDLlScsDWyrgSj0mliK59qU6W5gvBiKkdMEG2lJzhd1rCctf0hb6EtePPLZ2e0m1uw==
  dependencies:
    "@babel/runtime" "^7.12.1"
    "@types/hoist-non-react-statics" "^3.3.1"
    "@types/use-sync-external-store" "^0.0.3"
    hoist-non-react-statics "^3.3.2"
    react-is "^18.0.0"
    use-sync-external-store "^1.0.0"

react-router-dom@^6.5.0:
  version "6.5.0"
  resolved "https://registry.yarnpkg.com/react-router-dom/-/react-router-dom-6.5.0.tgz#3970bdcaa7c710a6e0b478a833ba0b4b8ae61a6f"
  integrity sha512-/XzRc5fq80gW1ctiIGilyKFZC/j4kfe75uivMsTChFbkvrK4ZrF3P3cGIc1f/SSkQ4JiJozPrf+AwUHHWVehVg==
  dependencies:
    "@remix-run/router" "1.1.0"
    react-router "6.5.0"

react-router@6.5.0:
  version "6.5.0"
  resolved "https://registry.yarnpkg.com/react-router/-/react-router-6.5.0.tgz#b53f15543a60750c925609d2e38037ac5aed6dd3"
  integrity sha512-fqqUSU0NC0tSX0sZbyuxzuAzvGqbjiZItBQnyicWlOUmzhAU8YuLgRbaCL2hf3sJdtRy4LP/WBrWtARkMvdGPQ==
  dependencies:
    "@remix-run/router" "1.1.0"

react@^18.2.0:
  version "18.2.0"
  resolved "https://registry.yarnpkg.com/react/-/react-18.2.0.tgz#555bd98592883255fa00de14f1151a917b5d77d5"
  integrity sha512-/3IjMdb2L9QbBdWiW5e3P2/npwMBaU9mHCSCUzNln0ZCYbcfTsGbTJrU/kGemdH2IWmB2ioZ+zkxtmq6g09fGQ==
  dependencies:
    loose-envify "^1.1.0"

redux-thunk@^2.4.2:
  version "2.4.2"
  resolved "https://registry.yarnpkg.com/redux-thunk/-/redux-thunk-2.4.2.tgz#b9d05d11994b99f7a91ea223e8b04cf0afa5ef3b"
  integrity sha512-+P3TjtnP0k/FEjcBL5FZpoovtvrTNT/UXd4/sluaSyrURlSlhLSzEdfsTBW7WsKB6yPvgd7q/iZPICFjW4o57Q==

redux@^4.2.0:
  version "4.2.0"
  resolved "https://registry.yarnpkg.com/redux/-/redux-4.2.0.tgz#46f10d6e29b6666df758780437651eeb2b969f13"
  integrity sha512-oSBmcKKIuIR4ME29/AeNUnl5L+hvBq7OaJWzaptTQJAntaPvxIJqfnjbaEiCzzaIz+XmVILfqAM3Ob0aXLPfjA==
  dependencies:
    "@babel/runtime" "^7.9.2"

regenerator-runtime@^0.13.11:
  version "0.13.11"
  resolved "https://registry.yarnpkg.com/regenerator-runtime/-/regenerator-runtime-0.13.11.tgz#f6dca3e7ceec20590d07ada785636a90cdca17f9"
  integrity sha512-kY1AZVr2Ra+t+piVaJ4gxaFaReZVH40AKNo7UCX6W+dEwBo/2oZJzqfuN1qLq1oL45o56cPaTXELwrTh8Fpggg==

reselect@^4.1.7:
  version "4.1.7"
  resolved "https://registry.yarnpkg.com/reselect/-/reselect-4.1.7.tgz#56480d9ff3d3188970ee2b76527bd94a95567a42"
  integrity sha512-Zu1xbUt3/OPwsXL46hvOOoQrap2azE7ZQbokq61BQfiXvhewsKDwhMeZjTX9sX0nvw1t/U5Audyn1I9P/m9z0A==

scheduler@^0.23.0:
  version "0.23.0"
  resolved "https://registry.yarnpkg.com/scheduler/-/scheduler-0.23.0.tgz#ba8041afc3d30eb206a487b6b384002e4e61fdfe"
  integrity sha512-CtuThmgHNg7zIZWAXi3AsyIzA3n4xx7aNyjwC2VJldO2LMVDhFK+63xGqq6CsJH4rTAt6/M+N4GhZiDYPx9eUw==
  dependencies:
    loose-envify "^1.1.0"

source-map-js@^1.0.2:
  version "1.0.2"
  resolved "https://registry.yarnpkg.com/source-map-js/-/source-map-js-1.0.2.tgz#adbc361d9c62df380125e7f161f71c826f1e490c"
  integrity sha512-R0XvVJ9WusLiqTCEiGCmICCMplcCkIwwR11mOSD9CR5u+IXYdiseeEuXCVAjS54zqwkLcPNnmU4OeJ6tUrWhDw==

styled-jsx@5.1.0:
  version "5.1.0"
  resolved "https://registry.yarnpkg.com/styled-jsx/-/styled-jsx-5.1.0.tgz#4a5622ab9714bd3fcfaeec292aa555871f057563"
  integrity sha512-/iHaRJt9U7T+5tp6TRelLnqBqiaIT0HsO0+vgyj8hK2KUk7aejFqRrumqPUlAqDwAj8IbS/1hk3IhBAAK/FCUQ==
  dependencies:
    client-only "0.0.1"

tslib@^2.4.0:
  version "2.4.1"
  resolved "https://registry.yarnpkg.com/tslib/-/tslib-2.4.1.tgz#0d0bfbaac2880b91e22df0768e55be9753a5b17e"
  integrity sha512-tGyy4dAjRIEwI7BzsB0lynWgOpfqjUdq91XXAlIWD2OwKBH7oCl/GZG/HT4BOHrTlPMOASlMQ7veyTqpmRcrNA==

use-sync-external-store@^1.0.0:
  version "1.2.0"
  resolved "https://registry.yarnpkg.com/use-sync-external-store/-/use-sync-external-store-1.2.0.tgz#7dbefd6ef3fe4e767a0cf5d7287aacfb5846928a"
  integrity sha512-eEgnFxGQ1Ife9bzYs6VLi8/4X6CObHMw9Qr9tPY43iKwsPw8xE8+EFsf/2cFZ5S3esXgpWgtSCtLNS41F+sKPA==
